// !$*UTF8*$!
{
	archiveVersion = 1;
	classes = {
	};
	objectVersion = 77;
	objects = {

/* Begin PBXContainerItemProxy section */
		C3D8A9922D1C7C9C00D1E281 /* PBXContainerItemProxy */ = {
			isa = PBXContainerItemProxy;
			containerPortal = C3D8A9732D1C7C9B00D1E281 /* Project object */;
			proxyType = 1;
			remoteGlobalIDString = C3D8A97A2D1C7C9B00D1E281;
			remoteInfo = TabBarController;
		};
		C3D8A99C2D1C7C9C00D1E281 /* PBXContainerItemProxy */ = {
			isa = PBXContainerItemProxy;
			containerPortal = C3D8A9732D1C7C9B00D1E281 /* Project object */;
			proxyType = 1;
			remoteGlobalIDString = C3D8A97A2D1C7C9B00D1E281;
			remoteInfo = TabBarController;
		};
/* End PBXContainerItemProxy section */

/* Begin PBXFileReference section */
		C3D8A97B2D1C7C9B00D1E281 /* TabBarController.app */ = {isa = PBXFileReference; explicitFileType = wrapper.application; includeInIndex = 0; path = TabBarController.app; sourceTree = BUILT_PRODUCTS_DIR; };
		C3D8A9912D1C7C9C00D1E281 /* TabBarControllerTests.xctest */ = {isa = PBXFileReference; explicitFileType = wrapper.cfbundle; includeInIndex = 0; path = TabBarControllerTests.xctest; sourceTree = BUILT_PRODUCTS_DIR; };
		C3D8A99B2D1C7C9C00D1E281 /* TabBarControllerUITests.xctest */ = {isa = PBXFileReference; explicitFileType = wrapper.cfbundle; includeInIndex = 0; path = TabBarControllerUITests.xctest; sourceTree = BUILT_PRODUCTS_DIR; };
/* End PBXFileReference section */

/* Begin PBXFileSystemSynchronizedBuildFileExceptionSet section */
		C3D8A9A32D1C7C9C00D1E281 /* Exceptions for "TabBarController" folder in "TabBarController" target */ = {
			isa = PBXFileSystemSynchronizedBuildFileExceptionSet;
			membershipExceptions = (
				Info.plist,
			);
			target = C3D8A97A2D1C7C9B00D1E281 /* TabBarController */;
		};
/* End PBXFileSystemSynchronizedBuildFileExceptionSet section */

/* Begin PBXFileSystemSynchronizedRootGroup section */
		C3D8A97D2D1C7C9B00D1E281 /* TabBarController */ = {
			isa = PBXFileSystemSynchronizedRootGroup;
			exceptions = (
				C3D8A9A32D1C7C9C00D1E281 /* Exceptions for "TabBarController" folder in "TabBarController" target */,
			);
			path = TabBarController;
			sourceTree = "<group>";
		};
		C3D8A9942D1C7C9C00D1E281 /* TabBarControllerTests */ = {
			isa = PBXFileSystemSynchronizedRootGroup;
			path = TabBarControllerTests;
			sourceTree = "<group>";
		};
		C3D8A99E2D1C7C9C00D1E281 /* TabBarControllerUITests */ = {
			isa = PBXFileSystemSynchronizedRootGroup;
			path = TabBarControllerUITests;
			sourceTree = "<group>";
		};
/* End PBXFileSystemSynchronizedRootGroup section */

/* Begin PBXFrameworksBuildPhase section */
		C3D8A9782D1C7C9B00D1E281 /* Frameworks */ = {
			isa = PBXFrameworksBuildPhase;
			buildActionMask = 2147483647;
			files = (
			);
			runOnlyForDeploymentPostprocessing = 0;
		};
		C3D8A98E2D1C7C9C00D1E281 /* Frameworks */ = {
			isa = PBXFrameworksBuildPhase;
			buildActionMask = 2147483647;
			files = (
			);
			runOnlyForDeploymentPostprocessing = 0;
		};
		C3D8A9982D1C7C9C00D1E281 /* Frameworks */ = {
			isa = PBXFrameworksBuildPhase;
			buildActionMask = 2147483647;
			files = (
			);
			runOnlyForDeploymentPostprocessing = 0;
		};
/* End PBXFrameworksBuildPhase section */

/* Begin PBXGroup section */
		C3D8A9722D1C7C9B00D1E281 = {
			isa = PBXGroup;
			children = (
				C3D8A97D2D1C7C9B00D1E281 /* TabBarController */,
				C3D8A9942D1C7C9C00D1E281 /* TabBarControllerTests */,
				C3D8A99E2D1C7C9C00D1E281 /* TabBarControllerUITests */,
				C3D8A97C2D1C7C9B00D1E281 /* Products */,
			);
			sourceTree = "<group>";
		};
		C3D8A97C2D1C7C9B00D1E281 /* Products */ = {
			isa = PBXGroup;
			children = (
				C3D8A97B2D1C7C9B00D1E281 /* TabBarController.app */,
				C3D8A9912D1C7C9C00D1E281 /* TabBarControllerTests.xctest */,
				C3D8A99B2D1C7C9C00D1E281 /* TabBarControllerUITests.xctest */,
			);
			name = Products;
			sourceTree = "<group>";
		};
/* End PBXGroup section */

/* Begin PBXNativeTarget section */
		C3D8A97A2D1C7C9B00D1E281 /* TabBarController */ = {
			isa = PBXNativeTarget;
			buildConfigurationList = C3D8A9A42D1C7C9C00D1E281 /* Build configuration list for PBXNativeTarget "TabBarController" */;
			buildPhases = (
				C3D8A9772D1C7C9B00D1E281 /* Sources */,
				C3D8A9782D1C7C9B00D1E281 /* Frameworks */,
				C3D8A9792D1C7C9B00D1E281 /* Resources */,
			);
			buildRules = (
			);
			dependencies = (
			);
			fileSystemSynchronizedGroups = (
				C3D8A97D2D1C7C9B00D1E281 /* TabBarController */,
			);
			name = TabBarController;
			packageProductDependencies = (
			);
			productName = TabBarController;
			productReference = C3D8A97B2D1C7C9B00D1E281 /* TabBarController.app */;
			productType = "com.apple.product-type.application";
		};
		C3D8A9902D1C7C9C00D1E281 /* TabBarControllerTests */ = {
			isa = PBXNativeTarget;
			buildConfigurationList = C3D8A9A92D1C7C9C00D1E281 /* Build configuration list for PBXNativeTarget "TabBarControllerTests" */;
			buildPhases = (
				C3D8A98D2D1C7C9C00D1E281 /* Sources */,
				C3D8A98E2D1C7C9C00D1E281 /* Frameworks */,
				C3D8A98F2D1C7C9C00D1E281 /* Resources */,
			);
			buildRules = (
			);
			dependencies = (
				C3D8A9932D1C7C9C00D1E281 /* PBXTargetDependency */,
			);
			fileSystemSynchronizedGroups = (
				C3D8A9942D1C7C9C00D1E281 /* TabBarControllerTests */,
			);
			name = TabBarControllerTests;
			packageProductDependencies = (
			);
			productName = TabBarControllerTests;
			productReference = C3D8A9912D1C7C9C00D1E281 /* TabBarControllerTests.xctest */;
			productType = "com.apple.product-type.bundle.unit-test";
		};
		C3D8A99A2D1C7C9C00D1E281 /* TabBarControllerUITests */ = {
			isa = PBXNativeTarget;
			buildConfigurationList = C3D8A9AC2D1C7C9C00D1E281 /* Build configuration list for PBXNativeTarget "TabBarControllerUITests" */;
			buildPhases = (
				C3D8A9972D1C7C9C00D1E281 /* Sources */,
				C3D8A9982D1C7C9C00D1E281 /* Frameworks */,
				C3D8A9992D1C7C9C00D1E281 /* Resources */,
			);
			buildRules = (
			);
			dependencies = (
				C3D8A99D2D1C7C9C00D1E281 /* PBXTargetDependency */,
			);
			fileSystemSynchronizedGroups = (
				C3D8A99E2D1C7C9C00D1E281 /* TabBarControllerUITests */,
			);
			name = TabBarControllerUITests;
			packageProductDependencies = (
			);
			productName = TabBarControllerUITests;
			productReference = C3D8A99B2D1C7C9C00D1E281 /* TabBarControllerUITests.xctest */;
			productType = "com.apple.product-type.bundle.ui-testing";
		};
/* End PBXNativeTarget section */

/* Begin PBXProject section */
		C3D8A9732D1C7C9B00D1E281 /* Project object */ = {
			isa = PBXProject;
			attributes = {
				BuildIndependentTargetsInParallel = 1;
				LastSwiftUpdateCheck = 1620;
				LastUpgradeCheck = 1620;
				TargetAttributes = {
					C3D8A97A2D1C7C9B00D1E281 = {
						CreatedOnToolsVersion = 16.2;
					};
					C3D8A9902D1C7C9C00D1E281 = {
						CreatedOnToolsVersion = 16.2;
						TestTargetID = C3D8A97A2D1C7C9B00D1E281;
					};
					C3D8A99A2D1C7C9C00D1E281 = {
						CreatedOnToolsVersion = 16.2;
						TestTargetID = C3D8A97A2D1C7C9B00D1E281;
					};
				};
			};
			buildConfigurationList = C3D8A9762D1C7C9B00D1E281 /* Build configuration list for PBXProject "TabBarController" */;
			developmentRegion = en;
			hasScannedForEncodings = 0;
			knownRegions = (
				en,
				Base,
			);
			mainGroup = C3D8A9722D1C7C9B00D1E281;
			minimizedProjectReferenceProxies = 1;
			preferredProjectObjectVersion = 77;
			productRefGroup = C3D8A97C2D1C7C9B00D1E281 /* Products */;
			projectDirPath = "";
			projectRoot = "";
			targets = (
				C3D8A97A2D1C7C9B00D1E281 /* TabBarController */,
				C3D8A9902D1C7C9C00D1E281 /* TabBarControllerTests */,
				C3D8A99A2D1C7C9C00D1E281 /* TabBarControllerUITests */,
			);
		};
/* End PBXProject section */

/* Begin PBXResourcesBuildPhase section */
		C3D8A9792D1C7C9B00D1E281 /* Resources */ = {
			isa = PBXResourcesBuildPhase;
			buildActionMask = 2147483647;
			files = (
			);
			runOnlyForDeploymentPostprocessing = 0;
		};
		C3D8A98F2D1C7C9C00D1E281 /* Resources */ = {
			isa = PBXResourcesBuildPhase;
			buildActionMask = 2147483647;
			files = (
			);
			runOnlyForDeploymentPostprocessing = 0;
		};
		C3D8A9992D1C7C9C00D1E281 /* Resources */ = {
			isa = PBXResourcesBuildPhase;
			buildActionMask = 2147483647;
			files = (
			);
			runOnlyForDeploymentPostprocessing = 0;
		};
/* End PBXResourcesBuildPhase section */

/* Begin PBXSourcesBuildPhase section */
		C3D8A9772D1C7C9B00D1E281 /* Sources */ = {
			isa = PBXSourcesBuildPhase;
			buildActionMask = 2147483647;
			files = (
			);
			runOnlyForDeploymentPostprocessing = 0;
		};
		C3D8A98D2D1C7C9C00D1E281 /* Sources */ = {
			isa = PBXSourcesBuildPhase;
			buildActionMask = 2147483647;
			files = (
			);
			runOnlyForDeploymentPostprocessing = 0;
		};
		C3D8A9972D1C7C9C00D1E281 /* Sources */ = {
			isa = PBXSourcesBuildPhase;
			buildActionMask = 2147483647;
			files = (
			);
			runOnlyForDeploymentPostprocessing = 0;
		};
/* End PBXSourcesBuildPhase section */

/* Begin PBXTargetDependency section */
		C3D8A9932D1C7C9C00D1E281 /* PBXTargetDependency */ = {
			isa = PBXTargetDependency;
			target = C3D8A97A2D1C7C9B00D1E281 /* TabBarController */;
			targetProxy = C3D8A9922D1C7C9C00D1E281 /* PBXContainerItemProxy */;
		};
		C3D8A99D2D1C7C9C00D1E281 /* PBXTargetDependency */ = {
			isa = PBXTargetDependency;
			target = C3D8A97A2D1C7C9B00D1E281 /* TabBarController */;
			targetProxy = C3D8A99C2D1C7C9C00D1E281 /* PBXContainerItemProxy */;
		};
/* End PBXTargetDependency section */

/* Begin XCBuildConfiguration section */
		C3D8A9A52D1C7C9C00D1E281 /* Debug */ = {
			isa = XCBuildConfiguration;
			buildSettings = {
				ASSETCATALOG_COMPILER_APPICON_NAME = AppIcon;
				ASSETCATALOG_COMPILER_GLOBAL_ACCENT_COLOR_NAME = AccentColor;
				CODE_SIGN_STYLE = Automatic;
				CURRENT_PROJECT_VERSION = 1;
				GENERATE_INFOPLIST_FILE = YES;
				INFOPLIST_FILE = TabBarController/Info.plist;
				INFOPLIST_KEY_UIApplicationSupportsIndirectInputEvents = YES;
				INFOPLIST_KEY_UILaunchStoryboardName = LaunchScreen;
				INFOPLIST_KEY_UIMainStoryboardFile = Main;
				INFOPLIST_KEY_UISupportedInterfaceOrientations_iPad = "UIInterfaceOrientationPortrait UIInterfaceOrientationPortraitUpsideDown UIInterfaceOrientationLandscapeLeft UIInterfaceOrientationLandscapeRight";
				INFOPLIST_KEY_UISupportedInterfaceOrientations_iPhone = "UIInterfaceOrientationPortrait UIInterfaceOrientationLandscapeLeft UIInterfaceOrientationLandscapeRight";
				LD_RUNPATH_SEARCH_PATHS = (
					"$(inherited)",
					"@executable_path/Frameworks",
				);
				MARKETING_VERSION = 1.0;
				PRODUCT_BUNDLE_IDENTIFIER = com.yahya.TabBarController;
				PRODUCT_NAME = "$(TARGET_NAME)";
				SWIFT_EMIT_LOC_STRINGS = YES;
				SWIFT_VERSION = 5.0;
				TARGETED_DEVICE_FAMILY = "1,2";
			};
			name = Debug;
		};
		C3D8A9A62D1C7C9C00D1E281 /* Release */ = {
			isa = XCBuildConfiguration;
			buildSettings = {
				ASSETCATALOG_COMPILER_APPICON_NAME = AppIcon;
				ASSETCATALOG_COMPILER_GLOBAL_ACCENT_COLOR_NAME = AccentColor;
				CODE_SIGN_STYLE = Automatic;
				CURRENT_PROJECT_VERSION = 1;
				GENERATE_INFOPLIST_FILE = YES;
				INFOPLIST_FILE = TabBarController/Info.plist;
				INFOPLIST_KEY_UIApplicationSupportsIndirectInputEvents = YES;
				INFOPLIST_KEY_UILaunchStoryboardName = LaunchScreen;
				INFOPLIST_KEY_UIMainStoryboardFile = Main;
				INFOPLIST_KEY_UISupportedInterfaceOrientations_iPad = "UIInterfaceOrientationPortrait UIInterfaceOrientationPortraitUpsideDown UIInterfaceOrientationLandscapeLeft UIInterfaceOrientationLandscapeRight";
				INFOPLIST_KEY_UISupportedInterfaceOrientations_iPhone = "UIInterfaceOrientationPortrait UIInterfaceOrientationLandscapeLeft UIInterfaceOrientationLandscapeRight";
				LD_RUNPATH_SEARCH_PATHS = (
					"$(inherited)",
					"@executable_path/Frameworks",
				);
				MARKETING_VERSION = 1.0;
				PRODUCT_BUNDLE_IDENTIFIER = com.yahya.TabBarController;
				PRODUCT_NAME = "$(TARGET_NAME)";
				SWIFT_EMIT_LOC_STRINGS = YES;
				SWIFT_VERSION = 5.0;
				TARGETED_DEVICE_FAMILY = "1,2";
			};
			name = Release;
		};
		C3D8A9A72D1C7C9C00D1E281 /* Debug */ = {
			isa = XCBuildConfiguration;
			buildSettings = {
				ALWAYS_SEARCH_USER_PATHS = NO;
				ASSETCATALOG_COMPILER_GENERATE_SWIFT_ASSET_SYMBOL_EXTENSIONS = YES;
				CLANG_ANALYZER_NONNULL = YES;
				CLANG_ANALYZER_NUMBER_OBJECT_CONVERSION = YES_AGGRESSIVE;
				CLANG_CXX_LANGUAGE_STANDARD = "gnu++20";
				CLANG_ENABLE_MODULES = YES;
				CLANG_ENABLE_OBJC_ARC = YES;
				CLANG_ENABLE_OBJC_WEAK = YES;
				CLANG_WARN_BLOCK_CAPTURE_AUTORELEASING = YES;
				CLANG_WARN_BOOL_CONVERSION = YES;
				CLANG_WARN_COMMA = YES;
				CLANG_WARN_CONSTANT_CONVERSION = YES;
				CLANG_WARN_DEPRECATED_OBJC_IMPLEMENTATIONS = YES;
				CLANG_WARN_DIRECT_OBJC_ISA_USAGE = YES_ERROR;
				CLANG_WARN_DOCUMENTATION_COMMENTS = YES;
				CLANG_WARN_EMPTY_BODY = YES;
				CLANG_WARN_ENUM_CONVERSION = YES;
				CLANG_WARN_INFINITE_RECURSION = YES;
				CLANG_WARN_INT_CONVERSION = YES;
				CLANG_WARN_NON_LITERAL_NULL_CONVERSION = YES;
				CLANG_WARN_OBJC_IMPLICIT_RETAIN_SELF = YES;
				CLANG_WARN_OBJC_LITERAL_CONVERSION = YES;
				CLANG_WARN_OBJC_ROOT_CLASS = YES_ERROR;
				CLANG_WARN_QUOTED_INCLUDE_IN_FRAMEWORK_HEADER = YES;
				CLANG_WARN_RANGE_LOOP_ANALYSIS = YES;
				CLANG_WARN_STRICT_PROTOTYPES = YES;
				CLANG_WARN_SUSPICIOUS_MOVE = YES;
				CLANG_WARN_UNGUARDED_AVAILABILITY = YES_AGGRESSIVE;
				CLANG_WARN_UNREACHABLE_CODE = YES;
				CLANG_WARN__DUPLICATE_METHOD_MATCH = YES;
				COPY_PHASE_STRIP = NO;
				DEBUG_INFORMATION_FORMAT = dwarf;
				ENABLE_STRICT_OBJC_MSGSEND = YES;
				ENABLE_TESTABILITY = YES;
				ENABLE_USER_SCRIPT_SANDBOXING = YES;
				GCC_C_LANGUAGE_STANDARD = gnu17;
				GCC_DYNAMIC_NO_PIC = NO;
				GCC_NO_COMMON_BLOCKS = YES;
				GCC_OPTIMIZATION_LEVEL = 0;
				GCC_PREPROCESSOR_DEFINITIONS = (
					"DEBUG=1",
					"$(inherited)",
				);
				GCC_WARN_64_TO_32_BIT_CONVERSION = YES;
				GCC_WARN_ABOUT_RETURN_TYPE = YES_ERROR;
				GCC_WARN_UNDECLARED_SELECTOR = YES;
				GCC_WARN_UNINITIALIZED_AUTOS = YES_AGGRESSIVE;
				GCC_WARN_UNUSED_FUNCTION = YES;
				GCC_WARN_UNUSED_VARIABLE = YES;
				IPHONEOS_DEPLOYMENT_TARGET = 18.2;
				LOCALIZATION_PREFERS_STRING_CATALOGS = YES;
				MTL_ENABLE_DEBUG_INFO = INCLUDE_SOURCE;
				MTL_FAST_MATH = YES;
				ONLY_ACTIVE_ARCH = YES;
				SDKROOT = iphoneos;
				SWIFT_ACTIVE_COMPILATION_CONDITIONS = "DEBUG $(inherited)";
				SWIFT_OPTIMIZATION_LEVEL = "-Onone";
			};
			name = Debug;
		};
		C3D8A9A82D1C7C9C00D1E281 /* Release */ = {
			isa = XCBuildConfiguration;
			buildSettings = {
				ALWAYS_SEARCH_USER_PATHS = NO;
				ASSETCATALOG_COMPILER_GENERATE_SWIFT_ASSET_SYMBOL_EXTENSIONS = YES;
				CLANG_ANALYZER_NONNULL = YES;
				CLANG_ANALYZER_NUMBER_OBJECT_CONVERSION = YES_AGGRESSIVE;
				CLANG_CXX_LANGUAGE_STANDARD = "gnu++20";
				CLANG_ENABLE_MODULES = YES;
				CLANG_ENABLE_OBJC_ARC = YES;
				CLANG_ENABLE_OBJC_WEAK = YES;
				CLANG_WARN_BLOCK_CAPTURE_AUTORELEASING = YES;
				CLANG_WARN_BOOL_CONVERSION = YES;
				CLANG_WARN_COMMA = YES;
				CLANG_WARN_CONSTANT_CONVERSION = YES;
				CLANG_WARN_DEPRECATED_OBJC_IMPLEMENTATIONS = YES;
				CLANG_WARN_DIRECT_OBJC_ISA_USAGE = YES_ERROR;
				CLANG_WARN_DOCUMENTATION_COMMENTS = YES;
				CLANG_WARN_EMPTY_BODY = YES;
				CLANG_WARN_ENUM_CONVERSION = YES;
				CLANG_WARN_INFINITE_RECURSION = YES;
				CLANG_WARN_INT_CONVERSION = YES;
				CLANG_WARN_NON_LITERAL_NULL_CONVERSION = YES;
				CLANG_WARN_OBJC_IMPLICIT_RETAIN_SELF = YES;
				CLANG_WARN_OBJC_LITERAL_CONVERSION = YES;
				CLANG_WARN_OBJC_ROOT_CLASS = YES_ERROR;
				CLANG_WARN_QUOTED_INCLUDE_IN_FRAMEWORK_HEADER = YES;
				CLANG_WARN_RANGE_LOOP_ANALYSIS = YES;
				CLANG_WARN_STRICT_PROTOTYPES = YES;
				CLANG_WARN_SUSPICIOUS_MOVE = YES;
				CLANG_WARN_UNGUARDED_AVAILABILITY = YES_AGGRESSIVE;
				CLANG_WARN_UNREACHABLE_CODE = YES;
				CLANG_WARN__DUPLICATE_METHOD_MATCH = YES;
				COPY_PHASE_STRIP = NO;
				DEBUG_INFORMATION_FORMAT = "dwarf-with-dsym";
				ENABLE_NS_ASSERTIONS = NO;
				ENABLE_STRICT_OBJC_MSGSEND = YES;
				ENABLE_USER_SCRIPT_SANDBOXING = YES;
				GCC_C_LANGUAGE_STANDARD = gnu17;
				GCC_NO_COMMON_BLOCKS = YES;
				GCC_WARN_64_TO_32_BIT_CONVERSION = YES;
				GCC_WARN_ABOUT_RETURN_TYPE = YES_ERROR;
				GCC_WARN_UNDECLARED_SELECTOR = YES;
				GCC_WARN_UNINITIALIZED_AUTOS = YES_AGGRESSIVE;
				GCC_WARN_UNUSED_FUNCTION = YES;
				GCC_WARN_UNUSED_VARIABLE = YES;
				IPHONEOS_DEPLOYMENT_TARGET = 18.2;
				LOCALIZATION_PREFERS_STRING_CATALOGS = YES;
				MTL_ENABLE_DEBUG_INFO = NO;
				MTL_FAST_MATH = YES;
				SDKROOT = iphoneos;
				SWIFT_COMPILATION_MODE = wholemodule;
				VALIDATE_PRODUCT = YES;
			};
			name = Release;
		};
		C3D8A9AA2D1C7C9C00D1E281 /* Debug */ = {
			isa = XCBuildConfiguration;
			buildSettings = {
				BUNDLE_LOADER = "$(TEST_HOST)";
				CODE_SIGN_STYLE = Automatic;
				CURRENT_PROJECT_VERSION = 1;
				GENERATE_INFOPLIST_FILE = YES;
				IPHONEOS_DEPLOYMENT_TARGET = 18.2;
				MARKETING_VERSION = 1.0;
				PRODUCT_BUNDLE_IDENTIFIER = com.yahya.TabBarControllerTests;
				PRODUCT_NAME = "$(TARGET_NAME)";
				SWIFT_EMIT_LOC_STRINGS = NO;
				SWIFT_VERSION = 5.0;
				TARGETED_DEVICE_FAMILY = "1,2";
				TEST_HOST = "$(BUILT_PRODUCTS_DIR)/TabBarController.app/$(BUNDLE_EXECUTABLE_FOLDER_PATH)/TabBarController";
			};
			name = Debug;
		};
		C3D8A9AB2D1C7C9C00D1E281 /* Release */ = {
			isa = XCBuildConfiguration;
			buildSettings = {
				BUNDLE_LOADER = "$(TEST_HOST)";
				CODE_SIGN_STYLE = Automatic;
				CURRENT_PROJECT_VERSION = 1;
				GENERATE_INFOPLIST_FILE = YES;
				IPHONEOS_DEPLOYMENT_TARGET = 18.2;
				MARKETING_VERSION = 1.0;
				PRODUCT_BUNDLE_IDENTIFIER = com.yahya.TabBarControllerTests;
				PRODUCT_NAME = "$(TARGET_NAME)";
				SWIFT_EMIT_LOC_STRINGS = NO;
				SWIFT_VERSION = 5.0;
				TARGETED_DEVICE_FAMILY = "1,2";
				TEST_HOST = "$(BUILT_PRODUCTS_DIR)/TabBarController.app/$(BUNDLE_EXECUTABLE_FOLDER_PATH)/TabBarController";
			};
			name = Release;
		};
		C3D8A9AD2D1C7C9C00D1E281 /* Debug */ = {
			isa = XCBuildConfiguration;
			buildSettings = {
				CODE_SIGN_STYLE = Automatic;
				CURRENT_PROJECT_VERSION = 1;
				GENERATE_INFOPLIST_FILE = YES;
				MARKETING_VERSION = 1.0;
				PRODUCT_BUNDLE_IDENTIFIER = com.yahya.TabBarControllerUITests;
				PRODUCT_NAME = "$(TARGET_NAME)";
				SWIFT_EMIT_LOC_STRINGS = NO;
				SWIFT_VERSION = 5.0;
				TARGETED_DEVICE_FAMILY = "1,2";
				TEST_TARGET_NAME = TabBarController;
			};
			name = Debug;
		};
		C3D8A9AE2D1C7C9C00D1E281 /* Release */ = {
			isa = XCBuildConfiguration;
			buildSettings = {
				CODE_SIGN_STYLE = Automatic;
				CURRENT_PROJECT_VERSION = 1;
				GENERATE_INFOPLIST_FILE = YES;
				MARKETING_VERSION = 1.0;
				PRODUCT_BUNDLE_IDENTIFIER = com.yahya.TabBarControllerUITests;
				PRODUCT_NAME = "$(TARGET_NAME)";
				SWIFT_EMIT_LOC_STRINGS = NO;
				SWIFT_VERSION = 5.0;
				TARGETED_DEVICE_FAMILY = "1,2";
				TEST_TARGET_NAME = TabBarController;
			};
			name = Release;
		};
/* End XCBuildConfiguration section */

/* Begin XCConfigurationList section */
		C3D8A9762D1C7C9B00D1E281 /* Build configuration list for PBXProject "TabBarController" */ = {
			isa = XCConfigurationList;
			buildConfigurations = (
				C3D8A9A72D1C7C9C00D1E281 /* Debug */,
				C3D8A9A82D1C7C9C00D1E281 /* Release */,
			);
			defaultConfigurationIsVisible = 0;
			defaultConfigurationName = Release;
		};
		C3D8A9A42D1C7C9C00D1E281 /* Build configuration list for PBXNativeTarget "TabBarController" */ = {
			isa = XCConfigurationList;
			buildConfigurations = (
				C3D8A9A52D1C7C9C00D1E281 /* Debug */,
				C3D8A9A62D1C7C9C00D1E281 /* Release */,
			);
			defaultConfigurationIsVisible = 0;
			defaultConfigurationName = Release;
		};
		C3D8A9A92D1C7C9C00D1E281 /* Build configuration list for PBXNativeTarget "TabBarControllerTests" */ = {
			isa = XCConfigurationList;
			buildConfigurations = (
				C3D8A9AA2D1C7C9C00D1E281 /* Debug */,
				C3D8A9AB2D1C7C9C00D1E281 /* Release */,
			);
			defaultConfigurationIsVisible = 0;
			defaultConfigurationName = Release;
		};
		C3D8A9AC2D1C7C9C00D1E281 /* Build configuration list for PBXNativeTarget "TabBarControllerUITests" */ = {
			isa = XCConfigurationList;
			buildConfigurations = (
				C3D8A9AD2D1C7C9C00D1E281 /* Debug */,
				C3D8A9AE2D1C7C9C00D1E281 /* Release */,
			);
			defaultConfigurationIsVisible = 0;
			defaultConfigurationName = Release;
		};
/* End XCConfigurationList section */
	};
	rootObject = C3D8A9732D1C7C9B00D1E281 /* Project object */;
}
